// !$*UTF8*$!
{
	archiveVersion = 1;
	classes = {
	};
	objectVersion = 55;
	objects = {

/* Begin PBXBuildFile section */
		ABC24AAF2806C3ED0073E3B6 /* CompleteView.swift in Sources */ = {isa = PBXBuildFile; fileRef = ABC24AAE2806C3ED0073E3B6 /* CompleteView.swift */; };
		ABC24AB12806C6850073E3B6 /* ProgramProgressBar.swift in Sources */ = {isa = PBXBuildFile; fileRef = ABC24AB02806C6850073E3B6 /* ProgramProgressBar.swift */; };
		ABC24AB32806C6C30073E3B6 /* StatsInfoModule.swift in Sources */ = {isa = PBXBuildFile; fileRef = ABC24AB22806C6C30073E3B6 /* StatsInfoModule.swift */; };
		ABC24AB52806C6F20073E3B6 /* PlayBackController.swift in Sources */ = {isa = PBXBuildFile; fileRef = ABC24AB42806C6F20073E3B6 /* PlayBackController.swift */; };
		ABEDFDAB27FD332100ADA500 /* TrackingView.swift in Sources */ = {isa = PBXBuildFile; fileRef = ABEDFDAA27FD332100ADA500 /* TrackingView.swift */; };
		ABEDFDAD2802BE6400ADA500 /* Program.swift in Sources */ = {isa = PBXBuildFile; fileRef = ABEDFDAC2802BE6400ADA500 /* Program.swift */; };
		ABEDFDAF2802BEA500ADA500 /* TrackingViewState.swift in Sources */ = {isa = PBXBuildFile; fileRef = ABEDFDAE2802BEA500ADA500 /* TrackingViewState.swift */; };
		ABEDFDCB2804722F00ADA500 /* Sound.swift in Sources */ = {isa = PBXBuildFile; fileRef = ABEDFDCA2804722F00ADA500 /* Sound.swift */; };
		AF5B6D8E2807655300F1043B /* ProfileView.swift in Sources */ = {isa = PBXBuildFile; fileRef = AF5B6D8D2807655300F1043B /* ProfileView.swift */; };
		AF77751C27FD3713001BCA2F /* HomeView.swift in Sources */ = {isa = PBXBuildFile; fileRef = AF77751B27FD3713001BCA2F /* HomeView.swift */; };
		AFD6199A2803BF2700FC0FC3 /* Shimmer in Frameworks */ = {isa = PBXBuildFile; productRef = AFD619992803BF2700FC0FC3 /* Shimmer */; };
		CD0D7BD82805090300C7B876 /* DiaryData.swift in Sources */ = {isa = PBXBuildFile; fileRef = CD0D7BD72805090300C7B876 /* DiaryData.swift */; };
		CD0D7BFB2805546300C7B876 /* DiaryList.swift in Sources */ = {isa = PBXBuildFile; fileRef = CD0D7BF72805546300C7B876 /* DiaryList.swift */; };
		CD0D7BFC2805546300C7B876 /* PushDiaryView.swift in Sources */ = {isa = PBXBuildFile; fileRef = CD0D7BF82805546300C7B876 /* PushDiaryView.swift */; };
		CD0D7BFD2805546300C7B876 /* BarGraph.swift in Sources */ = {isa = PBXBuildFile; fileRef = CD0D7BF92805546300C7B876 /* BarGraph.swift */; };
		CD0D7BFE2805546300C7B876 /* HealthGraphView.swift in Sources */ = {isa = PBXBuildFile; fileRef = CD0D7BFA2805546300C7B876 /* HealthGraphView.swift */; };
		DDAF1F752802FC25000974FA /* VoiceCardPopupView.swift in Sources */ = {isa = PBXBuildFile; fileRef = DDAF1F742802FC25000974FA /* VoiceCardPopupView.swift */; };
		DDD4186B27FD26E200A46DD2 /* WheelchairRunApp.swift in Sources */ = {isa = PBXBuildFile; fileRef = DDD4186A27FD26E200A46DD2 /* WheelchairRunApp.swift */; };
		DDD4186D27FD26E200A46DD2 /* ContentView.swift in Sources */ = {isa = PBXBuildFile; fileRef = DDD4186C27FD26E200A46DD2 /* ContentView.swift */; };
		DDD4186F27FD26E400A46DD2 /* Assets.xcassets in Resources */ = {isa = PBXBuildFile; fileRef = DDD4186E27FD26E400A46DD2 /* Assets.xcassets */; };
		DDD4187227FD26E400A46DD2 /* Preview Assets.xcassets in Resources */ = {isa = PBXBuildFile; fileRef = DDD4187127FD26E400A46DD2 /* Preview Assets.xcassets */; };
		DDD4187427FD26E400A46DD2 /* Persistence.swift in Sources */ = {isa = PBXBuildFile; fileRef = DDD4187327FD26E400A46DD2 /* Persistence.swift */; };
		DDD4187727FD26E400A46DD2 /* WheelchairRun.xcdatamodeld in Sources */ = {isa = PBXBuildFile; fileRef = DDD4187527FD26E400A46DD2 /* WheelchairRun.xcdatamodeld */; };
		EF35056128058961007E1315 /* User.swift in Sources */ = {isa = PBXBuildFile; fileRef = EF35056028058961007E1315 /* User.swift */; };
		EF35056328058970007E1315 /* BadgeStage.swift in Sources */ = {isa = PBXBuildFile; fileRef = EF35056228058970007E1315 /* BadgeStage.swift */; };
		EF3505672805898B007E1315 /* TrackingRecord.swift in Sources */ = {isa = PBXBuildFile; fileRef = EF3505662805898B007E1315 /* TrackingRecord.swift */; };
		EF6C515028026DFC008D83A5 /* RecentVoiceMentorList.swift in Sources */ = {isa = PBXBuildFile; fileRef = EF6C514F28026DFC008D83A5 /* RecentVoiceMentorList.swift */; };
		EF6C515C280277DE008D83A5 /* VoiceMentorView.swift in Sources */ = {isa = PBXBuildFile; fileRef = EF6C515B280277DE008D83A5 /* VoiceMentorView.swift */; };
		EF71FAB7280D83D500EF8318 /* HelloProfileView.swift in Sources */ = {isa = PBXBuildFile; fileRef = EF71FAB6280D83D500EF8318 /* HelloProfileView.swift */; };
		EF71FAB9280D83E800EF8318 /* PushNgoButton.swift in Sources */ = {isa = PBXBuildFile; fileRef = EF71FAB8280D83E800EF8318 /* PushNgoButton.swift */; };
		EF71FABB280D842100EF8318 /* TodayRecordView.swift in Sources */ = {isa = PBXBuildFile; fileRef = EF71FABA280D842100EF8318 /* TodayRecordView.swift */; };
		EF71FABD280D842B00EF8318 /* WithVoiceMentorButton.swift in Sources */ = {isa = PBXBuildFile; fileRef = EF71FABC280D842B00EF8318 /* WithVoiceMentorButton.swift */; };
		EF77119C27FD28D8004414A8 /* View+.swift in Sources */ = {isa = PBXBuildFile; fileRef = EF77119B27FD28D8004414A8 /* View+.swift */; };
		EF8703EC28067EF100835EA7 /* EmptyRecentView.swift in Sources */ = {isa = PBXBuildFile; fileRef = EF8703EB28067EF100835EA7 /* EmptyRecentView.swift */; };
		EFA5EA902802BC0100872A42 /* UserDefaultProtocol.swift in Sources */ = {isa = PBXBuildFile; fileRef = EFA5EA8F2802BC0100872A42 /* UserDefaultProtocol.swift */; };
		EFA5EA932802BCD000872A42 /* RecentUsedVoiceMentorUserDefault.swift in Sources */ = {isa = PBXBuildFile; fileRef = EFA5EA922802BCD000872A42 /* RecentUsedVoiceMentorUserDefault.swift */; };
		EFBB75A2280AE3A200DA777D /* StatisticMainView.swift in Sources */ = {isa = PBXBuildFile; fileRef = EFBB75A1280AE3A200DA777D /* StatisticMainView.swift */; };
		EFBB75A4280AE69900DA777D /* Sound.xcassets in Resources */ = {isa = PBXBuildFile; fileRef = EFBB75A3280AE69900DA777D /* Sound.xcassets */; };
		EFBB75A6280AE83800DA777D /* AppState.swift in Sources */ = {isa = PBXBuildFile; fileRef = EFBB75A5280AE83800DA777D /* AppState.swift */; };
		EFBB75A8280AE9E500DA777D /* State.swift in Sources */ = {isa = PBXBuildFile; fileRef = EFBB75A7280AE9E500DA777D /* State.swift */; };
		EFBB75AA280AF04500DA777D /* Store.swift in Sources */ = {isa = PBXBuildFile; fileRef = EFBB75A9280AF04500DA777D /* Store.swift */; };
		EFBB75AC280AF0C800DA777D /* Action.swift in Sources */ = {isa = PBXBuildFile; fileRef = EFBB75AB280AF0C800DA777D /* Action.swift */; };
		EFBB75AE280AF12600DA777D /* Reducer.swift in Sources */ = {isa = PBXBuildFile; fileRef = EFBB75AD280AF12600DA777D /* Reducer.swift */; };
		EFBB75B0280B1FF800DA777D /* Middleware.swift in Sources */ = {isa = PBXBuildFile; fileRef = EFBB75AF280B1FF800DA777D /* Middleware.swift */; };
		EFBB75B2280B213100DA777D /* startVoiceTrackingMiddleware.swift in Sources */ = {isa = PBXBuildFile; fileRef = EFBB75B1280B213100DA777D /* startVoiceTrackingMiddleware.swift */; };
		EFBB75B6280B319300DA777D /* VoicePartnerContentView.swift in Sources */ = {isa = PBXBuildFile; fileRef = EFBB75B5280B319300DA777D /* VoicePartnerContentView.swift */; };
		EFDF4AFA27FFDB97000C175B /* Color+.swift in Sources */ = {isa = PBXBuildFile; fileRef = EFDF4AF927FFDB97000C175B /* Color+.swift */; };
		EFDF4AFD27FFDCCE000C175B /* Pallete.swift in Sources */ = {isa = PBXBuildFile; fileRef = EFDF4AFC27FFDCCE000C175B /* Pallete.swift */; };
		EFDF4B0327FFE150000C175B /* VoiceMentorCardView.swift in Sources */ = {isa = PBXBuildFile; fileRef = EFDF4B0227FFE150000C175B /* VoiceMentorCardView.swift */; };
		EFED3A7E28046FDD00D99B27 /* Text+.swift in Sources */ = {isa = PBXBuildFile; fileRef = EFED3A7D28046FDD00D99B27 /* Text+.swift */; };
		EFED3A802804700600D99B27 /* WCRXButton.swift in Sources */ = {isa = PBXBuildFile; fileRef = EFED3A7F2804700600D99B27 /* WCRXButton.swift */; };
		EFED3A82280472F800D99B27 /* VoiceMentorHeaderView.swift in Sources */ = {isa = PBXBuildFile; fileRef = EFED3A81280472F800D99B27 /* VoiceMentorHeaderView.swift */; };
		EFED3A842804757500D99B27 /* Popup.swift in Sources */ = {isa = PBXBuildFile; fileRef = EFED3A832804757500D99B27 /* Popup.swift */; };
		EFED3A88280497EA00D99B27 /* ButtonStyle+.swift in Sources */ = {isa = PBXBuildFile; fileRef = EFED3A87280497EA00D99B27 /* ButtonStyle+.swift */; };
/* End PBXBuildFile section */

/* Begin PBXFileReference section */
		AB57766C280AA05E008A05AC /* Info.plist */ = {isa = PBXFileReference; lastKnownFileType = text.plist; path = Info.plist; sourceTree = "<group>"; };
		ABC24AAE2806C3ED0073E3B6 /* CompleteView.swift */ = {isa = PBXFileReference; lastKnownFileType = sourcecode.swift; path = CompleteView.swift; sourceTree = "<group>"; };
		ABC24AB02806C6850073E3B6 /* ProgramProgressBar.swift */ = {isa = PBXFileReference; lastKnownFileType = sourcecode.swift; path = ProgramProgressBar.swift; sourceTree = "<group>"; };
		ABC24AB22806C6C30073E3B6 /* StatsInfoModule.swift */ = {isa = PBXFileReference; lastKnownFileType = sourcecode.swift; path = StatsInfoModule.swift; sourceTree = "<group>"; };
		ABC24AB42806C6F20073E3B6 /* PlayBackController.swift */ = {isa = PBXFileReference; lastKnownFileType = sourcecode.swift; path = PlayBackController.swift; sourceTree = "<group>"; };
		ABEDFDAA27FD332100ADA500 /* TrackingView.swift */ = {isa = PBXFileReference; lastKnownFileType = sourcecode.swift; path = TrackingView.swift; sourceTree = "<group>"; };
		ABEDFDAC2802BE6400ADA500 /* Program.swift */ = {isa = PBXFileReference; lastKnownFileType = sourcecode.swift; path = Program.swift; sourceTree = "<group>"; };
		ABEDFDAE2802BEA500ADA500 /* TrackingViewState.swift */ = {isa = PBXFileReference; lastKnownFileType = sourcecode.swift; path = TrackingViewState.swift; sourceTree = "<group>"; };
		ABEDFDCA2804722F00ADA500 /* Sound.swift */ = {isa = PBXFileReference; lastKnownFileType = sourcecode.swift; path = Sound.swift; sourceTree = "<group>"; };
		AF5B6D8D2807655300F1043B /* ProfileView.swift */ = {isa = PBXFileReference; lastKnownFileType = sourcecode.swift; path = ProfileView.swift; sourceTree = "<group>"; };
		AF77751B27FD3713001BCA2F /* HomeView.swift */ = {isa = PBXFileReference; lastKnownFileType = sourcecode.swift; path = HomeView.swift; sourceTree = "<group>"; };
		CD0D7BD72805090300C7B876 /* DiaryData.swift */ = {isa = PBXFileReference; fileEncoding = 4; lastKnownFileType = sourcecode.swift; path = DiaryData.swift; sourceTree = "<group>"; };
		CD0D7BF72805546300C7B876 /* DiaryList.swift */ = {isa = PBXFileReference; fileEncoding = 4; lastKnownFileType = sourcecode.swift; path = DiaryList.swift; sourceTree = "<group>"; };
		CD0D7BF82805546300C7B876 /* PushDiaryView.swift */ = {isa = PBXFileReference; fileEncoding = 4; lastKnownFileType = sourcecode.swift; path = PushDiaryView.swift; sourceTree = "<group>"; };
		CD0D7BF92805546300C7B876 /* BarGraph.swift */ = {isa = PBXFileReference; fileEncoding = 4; lastKnownFileType = sourcecode.swift; path = BarGraph.swift; sourceTree = "<group>"; };
		CD0D7BFA2805546300C7B876 /* HealthGraphView.swift */ = {isa = PBXFileReference; fileEncoding = 4; lastKnownFileType = sourcecode.swift; path = HealthGraphView.swift; sourceTree = "<group>"; };
		DDAF1F742802FC25000974FA /* VoiceCardPopupView.swift */ = {isa = PBXFileReference; fileEncoding = 4; lastKnownFileType = sourcecode.swift; path = VoiceCardPopupView.swift; sourceTree = "<group>"; };
		DDD4186727FD26E200A46DD2 /* milGo!.app */ = {isa = PBXFileReference; explicitFileType = wrapper.application; includeInIndex = 0; path = "milGo!.app"; sourceTree = BUILT_PRODUCTS_DIR; };
		DDD4186A27FD26E200A46DD2 /* WheelchairRunApp.swift */ = {isa = PBXFileReference; lastKnownFileType = sourcecode.swift; path = WheelchairRunApp.swift; sourceTree = "<group>"; };
		DDD4186C27FD26E200A46DD2 /* ContentView.swift */ = {isa = PBXFileReference; lastKnownFileType = sourcecode.swift; path = ContentView.swift; sourceTree = "<group>"; };
		DDD4186E27FD26E400A46DD2 /* Assets.xcassets */ = {isa = PBXFileReference; lastKnownFileType = folder.assetcatalog; path = Assets.xcassets; sourceTree = "<group>"; };
		DDD4187127FD26E400A46DD2 /* Preview Assets.xcassets */ = {isa = PBXFileReference; lastKnownFileType = folder.assetcatalog; path = "Preview Assets.xcassets"; sourceTree = "<group>"; };
		DDD4187327FD26E400A46DD2 /* Persistence.swift */ = {isa = PBXFileReference; lastKnownFileType = sourcecode.swift; path = Persistence.swift; sourceTree = "<group>"; };
		DDD4187627FD26E400A46DD2 /* WheelchairRun.xcdatamodel */ = {isa = PBXFileReference; lastKnownFileType = wrapper.xcdatamodel; path = WheelchairRun.xcdatamodel; sourceTree = "<group>"; };
		EF35056028058961007E1315 /* User.swift */ = {isa = PBXFileReference; lastKnownFileType = sourcecode.swift; path = User.swift; sourceTree = "<group>"; };
		EF35056228058970007E1315 /* BadgeStage.swift */ = {isa = PBXFileReference; lastKnownFileType = sourcecode.swift; path = BadgeStage.swift; sourceTree = "<group>"; };
		EF3505662805898B007E1315 /* TrackingRecord.swift */ = {isa = PBXFileReference; lastKnownFileType = sourcecode.swift; path = TrackingRecord.swift; sourceTree = "<group>"; };
		EF6C514F28026DFC008D83A5 /* RecentVoiceMentorList.swift */ = {isa = PBXFileReference; lastKnownFileType = sourcecode.swift; path = RecentVoiceMentorList.swift; sourceTree = "<group>"; };
		EF6C515B280277DE008D83A5 /* VoiceMentorView.swift */ = {isa = PBXFileReference; lastKnownFileType = sourcecode.swift; path = VoiceMentorView.swift; sourceTree = "<group>"; };
		EF71FAB6280D83D500EF8318 /* HelloProfileView.swift */ = {isa = PBXFileReference; lastKnownFileType = sourcecode.swift; path = HelloProfileView.swift; sourceTree = "<group>"; };
		EF71FAB8280D83E800EF8318 /* PushNgoButton.swift */ = {isa = PBXFileReference; lastKnownFileType = sourcecode.swift; path = PushNgoButton.swift; sourceTree = "<group>"; };
		EF71FABA280D842100EF8318 /* TodayRecordView.swift */ = {isa = PBXFileReference; lastKnownFileType = sourcecode.swift; path = TodayRecordView.swift; sourceTree = "<group>"; };
		EF71FABC280D842B00EF8318 /* WithVoiceMentorButton.swift */ = {isa = PBXFileReference; lastKnownFileType = sourcecode.swift; path = WithVoiceMentorButton.swift; sourceTree = "<group>"; };
		EF77119B27FD28D8004414A8 /* View+.swift */ = {isa = PBXFileReference; lastKnownFileType = sourcecode.swift; path = "View+.swift"; sourceTree = "<group>"; };
		EF8703EB28067EF100835EA7 /* EmptyRecentView.swift */ = {isa = PBXFileReference; lastKnownFileType = sourcecode.swift; path = EmptyRecentView.swift; sourceTree = "<group>"; };
		EFA5EA8F2802BC0100872A42 /* UserDefaultProtocol.swift */ = {isa = PBXFileReference; lastKnownFileType = sourcecode.swift; path = UserDefaultProtocol.swift; sourceTree = "<group>"; };
		EFA5EA922802BCD000872A42 /* RecentUsedVoiceMentorUserDefault.swift */ = {isa = PBXFileReference; lastKnownFileType = sourcecode.swift; path = RecentUsedVoiceMentorUserDefault.swift; sourceTree = "<group>"; };
		EFBB75A1280AE3A200DA777D /* StatisticMainView.swift */ = {isa = PBXFileReference; fileEncoding = 4; lastKnownFileType = sourcecode.swift; path = StatisticMainView.swift; sourceTree = "<group>"; };
		EFBB75A3280AE69900DA777D /* Sound.xcassets */ = {isa = PBXFileReference; lastKnownFileType = folder.assetcatalog; path = Sound.xcassets; sourceTree = "<group>"; };
		EFBB75A5280AE83800DA777D /* AppState.swift */ = {isa = PBXFileReference; lastKnownFileType = sourcecode.swift; path = AppState.swift; sourceTree = "<group>"; };
		EFBB75A7280AE9E500DA777D /* State.swift */ = {isa = PBXFileReference; lastKnownFileType = sourcecode.swift; path = State.swift; sourceTree = "<group>"; };
		EFBB75A9280AF04500DA777D /* Store.swift */ = {isa = PBXFileReference; lastKnownFileType = sourcecode.swift; path = Store.swift; sourceTree = "<group>"; };
		EFBB75AB280AF0C800DA777D /* Action.swift */ = {isa = PBXFileReference; lastKnownFileType = sourcecode.swift; path = Action.swift; sourceTree = "<group>"; };
		EFBB75AD280AF12600DA777D /* Reducer.swift */ = {isa = PBXFileReference; lastKnownFileType = sourcecode.swift; path = Reducer.swift; sourceTree = "<group>"; };
		EFBB75AF280B1FF800DA777D /* Middleware.swift */ = {isa = PBXFileReference; lastKnownFileType = sourcecode.swift; path = Middleware.swift; sourceTree = "<group>"; };
		EFBB75B1280B213100DA777D /* startVoiceTrackingMiddleware.swift */ = {isa = PBXFileReference; lastKnownFileType = sourcecode.swift; path = startVoiceTrackingMiddleware.swift; sourceTree = "<group>"; };
		EFBB75B5280B319300DA777D /* VoicePartnerContentView.swift */ = {isa = PBXFileReference; lastKnownFileType = sourcecode.swift; path = VoicePartnerContentView.swift; sourceTree = "<group>"; };
		EFDF4AF927FFDB97000C175B /* Color+.swift */ = {isa = PBXFileReference; lastKnownFileType = sourcecode.swift; path = "Color+.swift"; sourceTree = "<group>"; };
		EFDF4AFC27FFDCCE000C175B /* Pallete.swift */ = {isa = PBXFileReference; lastKnownFileType = sourcecode.swift; path = Pallete.swift; sourceTree = "<group>"; };
		EFDF4B0227FFE150000C175B /* VoiceMentorCardView.swift */ = {isa = PBXFileReference; lastKnownFileType = sourcecode.swift; path = VoiceMentorCardView.swift; sourceTree = "<group>"; };
		EFED3A7D28046FDD00D99B27 /* Text+.swift */ = {isa = PBXFileReference; lastKnownFileType = sourcecode.swift; path = "Text+.swift"; sourceTree = "<group>"; };
		EFED3A7F2804700600D99B27 /* WCRXButton.swift */ = {isa = PBXFileReference; lastKnownFileType = sourcecode.swift; path = WCRXButton.swift; sourceTree = "<group>"; };
		EFED3A81280472F800D99B27 /* VoiceMentorHeaderView.swift */ = {isa = PBXFileReference; lastKnownFileType = sourcecode.swift; path = VoiceMentorHeaderView.swift; sourceTree = "<group>"; };
		EFED3A832804757500D99B27 /* Popup.swift */ = {isa = PBXFileReference; lastKnownFileType = sourcecode.swift; path = Popup.swift; sourceTree = "<group>"; };
		EFED3A87280497EA00D99B27 /* ButtonStyle+.swift */ = {isa = PBXFileReference; lastKnownFileType = sourcecode.swift; path = "ButtonStyle+.swift"; sourceTree = "<group>"; };
/* End PBXFileReference section */

/* Begin PBXFrameworksBuildPhase section */
		DDD4186427FD26E200A46DD2 /* Frameworks */ = {
			isa = PBXFrameworksBuildPhase;
			buildActionMask = 2147483647;
			files = (
				AFD6199A2803BF2700FC0FC3 /* Shimmer in Frameworks */,
			);
			runOnlyForDeploymentPostprocessing = 0;
		};
/* End PBXFrameworksBuildPhase section */

/* Begin PBXGroup section */
		AF5B6D8A2807652200F1043B /* Profile */ = {
			isa = PBXGroup;
			children = (
				AF5B6D8D2807655300F1043B /* ProfileView.swift */,
			);
			path = Profile;
			sourceTree = "<group>";
		};
		AFEC52A927FE8CC000190241 /* Frameworks */ = {
			isa = PBXGroup;
			children = (
			);
			name = Frameworks;
			sourceTree = "<group>";
		};
		DDD4185E27FD26E200A46DD2 = {
			isa = PBXGroup;
			children = (
				DDD4186927FD26E200A46DD2 /* WheelchairRun */,
				DDD4186827FD26E200A46DD2 /* Products */,
				AFEC52A927FE8CC000190241 /* Frameworks */,
			);
			sourceTree = "<group>";
		};
		DDD4186827FD26E200A46DD2 /* Products */ = {
			isa = PBXGroup;
			children = (
				DDD4186727FD26E200A46DD2 /* milGo!.app */,
			);
			name = Products;
			sourceTree = "<group>";
		};
		DDD4186927FD26E200A46DD2 /* WheelchairRun */ = {
			isa = PBXGroup;
			children = (
				DDD4186A27FD26E200A46DD2 /* WheelchairRunApp.swift */,
				AB57766C280AA05E008A05AC /* Info.plist */,
				EF77119127FD2891004414A8 /* Resource */,
				EF77119027FD288D004414A8 /* Source */,
				DDD4187027FD26E400A46DD2 /* Preview Content */,
			);
			path = WheelchairRun;
			sourceTree = "<group>";
		};
		DDD4187027FD26E400A46DD2 /* Preview Content */ = {
			isa = PBXGroup;
			children = (
				DDD4187127FD26E400A46DD2 /* Preview Assets.xcassets */,
			);
			path = "Preview Content";
			sourceTree = "<group>";
		};
		EF0397ED28114C1F008305A2 /* Components */ = {
			isa = PBXGroup;
			children = (
				AF77751B27FD3713001BCA2F /* HomeView.swift */,
				EF71FABC280D842B00EF8318 /* WithVoiceMentorButton.swift */,
				EF71FABA280D842100EF8318 /* TodayRecordView.swift */,
				EF71FAB8280D83E800EF8318 /* PushNgoButton.swift */,
				EF71FAB6280D83D500EF8318 /* HelloProfileView.swift */,
			);
			path = Components;
			sourceTree = "<group>";
		};
		EF6C515528027548008D83A5 /* Components */ = {
			isa = PBXGroup;
			children = (
				EF6C515B280277DE008D83A5 /* VoiceMentorView.swift */,
				DDAF1F742802FC25000974FA /* VoiceCardPopupView.swift */,
				EFDF4B0227FFE150000C175B /* VoiceMentorCardView.swift */,
				EF6C514F28026DFC008D83A5 /* RecentVoiceMentorList.swift */,
				EFED3A81280472F800D99B27 /* VoiceMentorHeaderView.swift */,
				EFED3A7F2804700600D99B27 /* WCRXButton.swift */,
				EF8703EB28067EF100835EA7 /* EmptyRecentView.swift */,
			);
			path = Components;
			sourceTree = "<group>";
		};
		EF77119027FD288D004414A8 /* Source */ = {
			isa = PBXGroup;
			children = (
				EF77119927FD28CB004414A8 /* Global */,
				EFBB75A0280ADB5200DA777D /* State */,
				EF77119827FD28C1004414A8 /* Model */,
				EF77119227FD2896004414A8 /* Views */,
			);
			path = Source;
			sourceTree = "<group>";
		};
		EF77119127FD2891004414A8 /* Resource */ = {
			isa = PBXGroup;
			children = (
				EFDF4AFC27FFDCCE000C175B /* Pallete.swift */,
				DDD4186E27FD26E400A46DD2 /* Assets.xcassets */,
				EFBB75A3280AE69900DA777D /* Sound.xcassets */,
			);
			path = Resource;
			sourceTree = "<group>";
		};
		EF77119227FD2896004414A8 /* Views */ = {
			isa = PBXGroup;
			children = (
				EF77119327FD289B004414A8 /* Home */,
				EF77119627FD28AC004414A8 /* VoiceMentor */,
				EF77119527FD28A4004414A8 /* Statistic */,
				EF77119427FD289E004414A8 /* Tracking */,
				AF5B6D8A2807652200F1043B /* Profile */,
			);
			path = Views;
			sourceTree = "<group>";
		};
		EF77119327FD289B004414A8 /* Home */ = {
			isa = PBXGroup;
			children = (
				DDD4186C27FD26E200A46DD2 /* ContentView.swift */,
				EF0397ED28114C1F008305A2 /* Components */,
			);
			path = Home;
			sourceTree = "<group>";
		};
		EF77119427FD289E004414A8 /* Tracking */ = {
			isa = PBXGroup;
			children = (
				ABEDFDAE2802BEA500ADA500 /* TrackingViewState.swift */,
				ABEDFDCA2804722F00ADA500 /* Sound.swift */,
				ABEDFDAA27FD332100ADA500 /* TrackingView.swift */,
				ABC24AAE2806C3ED0073E3B6 /* CompleteView.swift */,
				ABC24AB02806C6850073E3B6 /* ProgramProgressBar.swift */,
				ABC24AB22806C6C30073E3B6 /* StatsInfoModule.swift */,
				ABC24AB42806C6F20073E3B6 /* PlayBackController.swift */,
			);
			path = Tracking;
			sourceTree = "<group>";
		};
		EF77119527FD28A4004414A8 /* Statistic */ = {
			isa = PBXGroup;
			children = (
				EFBB75A1280AE3A200DA777D /* StatisticMainView.swift */,
				CD0D7BF92805546300C7B876 /* BarGraph.swift */,
				CD0D7BF72805546300C7B876 /* DiaryList.swift */,
				CD0D7BFA2805546300C7B876 /* HealthGraphView.swift */,
				CD0D7BF82805546300C7B876 /* PushDiaryView.swift */,
			);
			path = Statistic;
			sourceTree = "<group>";
		};
		EF77119627FD28AC004414A8 /* VoiceMentor */ = {
			isa = PBXGroup;
			children = (
				EFBB75B5280B319300DA777D /* VoicePartnerContentView.swift */,
				EF6C515528027548008D83A5 /* Components */,
			);
			path = VoiceMentor;
			sourceTree = "<group>";
		};
		EF77119827FD28C1004414A8 /* Model */ = {
			isa = PBXGroup;
			children = (
				CD0D7BD72805090300C7B876 /* DiaryData.swift */,
				ABEDFDAC2802BE6400ADA500 /* Program.swift */,
				EF3505662805898B007E1315 /* TrackingRecord.swift */,
				EF35056228058970007E1315 /* BadgeStage.swift */,
				EF35056028058961007E1315 /* User.swift */,
			);
			path = Model;
			sourceTree = "<group>";
		};
		EF77119927FD28CB004414A8 /* Global */ = {
			isa = PBXGroup;
			children = (
				EFED3A89280499A300D99B27 /* Helper */,
				EFA5EA912802BCAA00872A42 /* Manager */,
				EFA5EA8E2802BBF400872A42 /* Protocol */,
				EF7711A927FD294A004414A8 /* Core Data */,
				EF77119A27FD28D0004414A8 /* Extension */,
			);
			path = Global;
			sourceTree = "<group>";
		};
		EF77119A27FD28D0004414A8 /* Extension */ = {
			isa = PBXGroup;
			children = (
				EF77119B27FD28D8004414A8 /* View+.swift */,
				EFDF4AF927FFDB97000C175B /* Color+.swift */,
				EFED3A7D28046FDD00D99B27 /* Text+.swift */,
			);
			path = Extension;
			sourceTree = "<group>";
		};
		EF7711A927FD294A004414A8 /* Core Data */ = {
			isa = PBXGroup;
			children = (
				DDD4187327FD26E400A46DD2 /* Persistence.swift */,
				DDD4187527FD26E400A46DD2 /* WheelchairRun.xcdatamodeld */,
			);
			path = "Core Data";
			sourceTree = "<group>";
		};
		EFA5EA8E2802BBF400872A42 /* Protocol */ = {
			isa = PBXGroup;
			children = (
				EFA5EA8F2802BC0100872A42 /* UserDefaultProtocol.swift */,
			);
			path = Protocol;
			sourceTree = "<group>";
		};
		EFA5EA912802BCAA00872A42 /* Manager */ = {
			isa = PBXGroup;
			children = (
				EFA5EA922802BCD000872A42 /* RecentUsedVoiceMentorUserDefault.swift */,
			);
			path = Manager;
			sourceTree = "<group>";
		};
		EFBB75A0280ADB5200DA777D /* State */ = {
			isa = PBXGroup;
			children = (
				EFBB75A7280AE9E500DA777D /* State.swift */,
				EFBB75AB280AF0C800DA777D /* Action.swift */,
				EFBB75A5280AE83800DA777D /* AppState.swift */,
				EFBB75A9280AF04500DA777D /* Store.swift */,
				EFBB75AD280AF12600DA777D /* Reducer.swift */,
				EFBB75AF280B1FF800DA777D /* Middleware.swift */,
				EFBB75B1280B213100DA777D /* startVoiceTrackingMiddleware.swift */,
			);
			path = State;
			sourceTree = "<group>";
		};
		EFED3A89280499A300D99B27 /* Helper */ = {
			isa = PBXGroup;
			children = (
				EFED3A832804757500D99B27 /* Popup.swift */,
				EFED3A87280497EA00D99B27 /* ButtonStyle+.swift */,
			);
			path = Helper;
			sourceTree = "<group>";
		};
/* End PBXGroup section */

/* Begin PBXNativeTarget section */
		DDD4186627FD26E200A46DD2 /* WheelchairRun */ = {
			isa = PBXNativeTarget;
			buildConfigurationList = DDD4187A27FD26E400A46DD2 /* Build configuration list for PBXNativeTarget "WheelchairRun" */;
			buildPhases = (
				DDD4186327FD26E200A46DD2 /* Sources */,
				DDD4186427FD26E200A46DD2 /* Frameworks */,
				DDD4186527FD26E200A46DD2 /* Resources */,
			);
			buildRules = (
			);
			dependencies = (
			);
			name = WheelchairRun;
			packageProductDependencies = (
				AFD619992803BF2700FC0FC3 /* Shimmer */,
			);
			productName = WheelchairRun;
			productReference = DDD4186727FD26E200A46DD2 /* milGo!.app */;
			productType = "com.apple.product-type.application";
		};
/* End PBXNativeTarget section */

/* Begin PBXProject section */
		DDD4185F27FD26E200A46DD2 /* Project object */ = {
			isa = PBXProject;
			attributes = {
				BuildIndependentTargetsInParallel = 1;
				LastSwiftUpdateCheck = 1330;
				LastUpgradeCheck = 1330;
				TargetAttributes = {
					DDD4186627FD26E200A46DD2 = {
						CreatedOnToolsVersion = 13.3;
					};
				};
			};
			buildConfigurationList = DDD4186227FD26E200A46DD2 /* Build configuration list for PBXProject "WheelchairRun" */;
			compatibilityVersion = "Xcode 13.0";
			developmentRegion = en;
			hasScannedForEncodings = 0;
			knownRegions = (
				en,
				Base,
			);
			mainGroup = DDD4185E27FD26E200A46DD2;
			packageReferences = (
				AFD619982803BF2700FC0FC3 /* XCRemoteSwiftPackageReference "SwiftUI-Shimmer" */,
			);
			productRefGroup = DDD4186827FD26E200A46DD2 /* Products */;
			projectDirPath = "";
			projectRoot = "";
			targets = (
				DDD4186627FD26E200A46DD2 /* WheelchairRun */,
			);
		};
/* End PBXProject section */

/* Begin PBXResourcesBuildPhase section */
		DDD4186527FD26E200A46DD2 /* Resources */ = {
			isa = PBXResourcesBuildPhase;
			buildActionMask = 2147483647;
			files = (
				DDD4187227FD26E400A46DD2 /* Preview Assets.xcassets in Resources */,
				EFBB75A4280AE69900DA777D /* Sound.xcassets in Resources */,
				DDD4186F27FD26E400A46DD2 /* Assets.xcassets in Resources */,
			);
			runOnlyForDeploymentPostprocessing = 0;
		};
/* End PBXResourcesBuildPhase section */

/* Begin PBXSourcesBuildPhase section */
		DDD4186327FD26E200A46DD2 /* Sources */ = {
			isa = PBXSourcesBuildPhase;
			buildActionMask = 2147483647;
			files = (
				EFED3A82280472F800D99B27 /* VoiceMentorHeaderView.swift in Sources */,
				ABC24AB32806C6C30073E3B6 /* StatsInfoModule.swift in Sources */,
				EF3505672805898B007E1315 /* TrackingRecord.swift in Sources */,
				EFBB75A8280AE9E500DA777D /* State.swift in Sources */,
				EFED3A7E28046FDD00D99B27 /* Text+.swift in Sources */,
				EFA5EA902802BC0100872A42 /* UserDefaultProtocol.swift in Sources */,
				EFBB75AC280AF0C800DA777D /* Action.swift in Sources */,
				ABEDFDCB2804722F00ADA500 /* Sound.swift in Sources */,
				EFBB75A2280AE3A200DA777D /* StatisticMainView.swift in Sources */,
				EFBB75AE280AF12600DA777D /* Reducer.swift in Sources */,
				ABC24AB12806C6850073E3B6 /* ProgramProgressBar.swift in Sources */,
				EF6C515028026DFC008D83A5 /* RecentVoiceMentorList.swift in Sources */,
				CD0D7BFD2805546300C7B876 /* BarGraph.swift in Sources */,
				CD0D7BFB2805546300C7B876 /* DiaryList.swift in Sources */,
				CD0D7BFE2805546300C7B876 /* HealthGraphView.swift in Sources */,
				EF77119C27FD28D8004414A8 /* View+.swift in Sources */,
				EFBB75B6280B319300DA777D /* VoicePartnerContentView.swift in Sources */,
				EFDF4AFA27FFDB97000C175B /* Color+.swift in Sources */,
				ABEDFDAD2802BE6400ADA500 /* Program.swift in Sources */,
				CD0D7BFC2805546300C7B876 /* PushDiaryView.swift in Sources */,
				ABC24AB52806C6F20073E3B6 /* PlayBackController.swift in Sources */,
				DDD4187427FD26E400A46DD2 /* Persistence.swift in Sources */,
				EFDF4AFD27FFDCCE000C175B /* Pallete.swift in Sources */,
				EFA5EA932802BCD000872A42 /* RecentUsedVoiceMentorUserDefault.swift in Sources */,
				EFDF4AFD27FFDCCE000C175B /* Pallete.swift in Sources */,
				EF35056328058970007E1315 /* BadgeStage.swift in Sources */,
				EFA5EA932802BCD000872A42 /* RecentUsedVoiceMentorUserDefault.swift in Sources */,
				EFED3A88280497EA00D99B27 /* ButtonStyle+.swift in Sources */,
				EFED3A842804757500D99B27 /* Popup.swift in Sources */,
				ABEDFDAB27FD332100ADA500 /* TrackingView.swift in Sources */,
				ABC24AAF2806C3ED0073E3B6 /* CompleteView.swift in Sources */,
				EFBB75B0280B1FF800DA777D /* Middleware.swift in Sources */,
				EFBB75AA280AF04500DA777D /* Store.swift in Sources */,
				ABEDFDAF2802BEA500ADA500 /* TrackingViewState.swift in Sources */,
				DDD4186D27FD26E200A46DD2 /* ContentView.swift in Sources */,
				DDD4186B27FD26E200A46DD2 /* WheelchairRunApp.swift in Sources */,
				AF77751C27FD3713001BCA2F /* HomeView.swift in Sources */,
				CD0D7BD82805090300C7B876 /* DiaryData.swift in Sources */,
				DDD4187727FD26E400A46DD2 /* WheelchairRun.xcdatamodeld in Sources */,
				EF71FABB280D842100EF8318 /* TodayRecordView.swift in Sources */,
				EFED3A802804700600D99B27 /* WCRXButton.swift in Sources */,
				EF71FABD280D842B00EF8318 /* WithVoiceMentorButton.swift in Sources */,
				EFBB75A6280AE83800DA777D /* AppState.swift in Sources */,
				AF5B6D8E2807655300F1043B /* ProfileView.swift in Sources */,
				EF8703EC28067EF100835EA7 /* EmptyRecentView.swift in Sources */,
				EF6C515C280277DE008D83A5 /* VoiceMentorView.swift in Sources */,
				EF71FAB7280D83D500EF8318 /* HelloProfileView.swift in Sources */,
				EFDF4B0327FFE150000C175B /* VoiceMentorCardView.swift in Sources */,
				DDAF1F752802FC25000974FA /* VoiceCardPopupView.swift in Sources */,
				EFBB75B2280B213100DA777D /* startVoiceTrackingMiddleware.swift in Sources */,
				EF71FAB9280D83E800EF8318 /* PushNgoButton.swift in Sources */,
				EF35056128058961007E1315 /* User.swift in Sources */,
			);
			runOnlyForDeploymentPostprocessing = 0;
		};
/* End PBXSourcesBuildPhase section */

/* Begin XCBuildConfiguration section */
		DDD4187827FD26E400A46DD2 /* Debug */ = {
			isa = XCBuildConfiguration;
			buildSettings = {
				ALWAYS_SEARCH_USER_PATHS = NO;
				CLANG_ANALYZER_NONNULL = YES;
				CLANG_ANALYZER_NUMBER_OBJECT_CONVERSION = YES_AGGRESSIVE;
				CLANG_CXX_LANGUAGE_STANDARD = "gnu++17";
				CLANG_ENABLE_MODULES = YES;
				CLANG_ENABLE_OBJC_ARC = YES;
				CLANG_ENABLE_OBJC_WEAK = YES;
				CLANG_WARN_BLOCK_CAPTURE_AUTORELEASING = YES;
				CLANG_WARN_BOOL_CONVERSION = YES;
				CLANG_WARN_COMMA = YES;
				CLANG_WARN_CONSTANT_CONVERSION = YES;
				CLANG_WARN_DEPRECATED_OBJC_IMPLEMENTATIONS = YES;
				CLANG_WARN_DIRECT_OBJC_ISA_USAGE = YES_ERROR;
				CLANG_WARN_DOCUMENTATION_COMMENTS = YES;
				CLANG_WARN_EMPTY_BODY = YES;
				CLANG_WARN_ENUM_CONVERSION = YES;
				CLANG_WARN_INFINITE_RECURSION = YES;
				CLANG_WARN_INT_CONVERSION = YES;
				CLANG_WARN_NON_LITERAL_NULL_CONVERSION = YES;
				CLANG_WARN_OBJC_IMPLICIT_RETAIN_SELF = YES;
				CLANG_WARN_OBJC_LITERAL_CONVERSION = YES;
				CLANG_WARN_OBJC_ROOT_CLASS = YES_ERROR;
				CLANG_WARN_QUOTED_INCLUDE_IN_FRAMEWORK_HEADER = YES;
				CLANG_WARN_RANGE_LOOP_ANALYSIS = YES;
				CLANG_WARN_STRICT_PROTOTYPES = YES;
				CLANG_WARN_SUSPICIOUS_MOVE = YES;
				CLANG_WARN_UNGUARDED_AVAILABILITY = YES_AGGRESSIVE;
				CLANG_WARN_UNREACHABLE_CODE = YES;
				CLANG_WARN__DUPLICATE_METHOD_MATCH = YES;
				COPY_PHASE_STRIP = NO;
				DEBUG_INFORMATION_FORMAT = dwarf;
				ENABLE_STRICT_OBJC_MSGSEND = YES;
				ENABLE_TESTABILITY = YES;
				GCC_C_LANGUAGE_STANDARD = gnu11;
				GCC_DYNAMIC_NO_PIC = NO;
				GCC_NO_COMMON_BLOCKS = YES;
				GCC_OPTIMIZATION_LEVEL = 0;
				GCC_PREPROCESSOR_DEFINITIONS = (
					"DEBUG=1",
					"$(inherited)",
				);
				GCC_WARN_64_TO_32_BIT_CONVERSION = YES;
				GCC_WARN_ABOUT_RETURN_TYPE = YES_ERROR;
				GCC_WARN_UNDECLARED_SELECTOR = YES;
				GCC_WARN_UNINITIALIZED_AUTOS = YES_AGGRESSIVE;
				GCC_WARN_UNUSED_FUNCTION = YES;
				GCC_WARN_UNUSED_VARIABLE = YES;
				IPHONEOS_DEPLOYMENT_TARGET = 15.4;
				MTL_ENABLE_DEBUG_INFO = INCLUDE_SOURCE;
				MTL_FAST_MATH = YES;
				ONLY_ACTIVE_ARCH = YES;
				SDKROOT = iphoneos;
				SWIFT_ACTIVE_COMPILATION_CONDITIONS = DEBUG;
				SWIFT_OPTIMIZATION_LEVEL = "-Onone";
			};
			name = Debug;
		};
		DDD4187927FD26E400A46DD2 /* Release */ = {
			isa = XCBuildConfiguration;
			buildSettings = {
				ALWAYS_SEARCH_USER_PATHS = NO;
				CLANG_ANALYZER_NONNULL = YES;
				CLANG_ANALYZER_NUMBER_OBJECT_CONVERSION = YES_AGGRESSIVE;
				CLANG_CXX_LANGUAGE_STANDARD = "gnu++17";
				CLANG_ENABLE_MODULES = YES;
				CLANG_ENABLE_OBJC_ARC = YES;
				CLANG_ENABLE_OBJC_WEAK = YES;
				CLANG_WARN_BLOCK_CAPTURE_AUTORELEASING = YES;
				CLANG_WARN_BOOL_CONVERSION = YES;
				CLANG_WARN_COMMA = YES;
				CLANG_WARN_CONSTANT_CONVERSION = YES;
				CLANG_WARN_DEPRECATED_OBJC_IMPLEMENTATIONS = YES;
				CLANG_WARN_DIRECT_OBJC_ISA_USAGE = YES_ERROR;
				CLANG_WARN_DOCUMENTATION_COMMENTS = YES;
				CLANG_WARN_EMPTY_BODY = YES;
				CLANG_WARN_ENUM_CONVERSION = YES;
				CLANG_WARN_INFINITE_RECURSION = YES;
				CLANG_WARN_INT_CONVERSION = YES;
				CLANG_WARN_NON_LITERAL_NULL_CONVERSION = YES;
				CLANG_WARN_OBJC_IMPLICIT_RETAIN_SELF = YES;
				CLANG_WARN_OBJC_LITERAL_CONVERSION = YES;
				CLANG_WARN_OBJC_ROOT_CLASS = YES_ERROR;
				CLANG_WARN_QUOTED_INCLUDE_IN_FRAMEWORK_HEADER = YES;
				CLANG_WARN_RANGE_LOOP_ANALYSIS = YES;
				CLANG_WARN_STRICT_PROTOTYPES = YES;
				CLANG_WARN_SUSPICIOUS_MOVE = YES;
				CLANG_WARN_UNGUARDED_AVAILABILITY = YES_AGGRESSIVE;
				CLANG_WARN_UNREACHABLE_CODE = YES;
				CLANG_WARN__DUPLICATE_METHOD_MATCH = YES;
				COPY_PHASE_STRIP = NO;
				DEBUG_INFORMATION_FORMAT = "dwarf-with-dsym";
				ENABLE_NS_ASSERTIONS = NO;
				ENABLE_STRICT_OBJC_MSGSEND = YES;
				GCC_C_LANGUAGE_STANDARD = gnu11;
				GCC_NO_COMMON_BLOCKS = YES;
				GCC_WARN_64_TO_32_BIT_CONVERSION = YES;
				GCC_WARN_ABOUT_RETURN_TYPE = YES_ERROR;
				GCC_WARN_UNDECLARED_SELECTOR = YES;
				GCC_WARN_UNINITIALIZED_AUTOS = YES_AGGRESSIVE;
				GCC_WARN_UNUSED_FUNCTION = YES;
				GCC_WARN_UNUSED_VARIABLE = YES;
				IPHONEOS_DEPLOYMENT_TARGET = 15.4;
				MTL_ENABLE_DEBUG_INFO = NO;
				MTL_FAST_MATH = YES;
				SDKROOT = iphoneos;
				SWIFT_COMPILATION_MODE = wholemodule;
				SWIFT_OPTIMIZATION_LEVEL = "-O";
				VALIDATE_PRODUCT = YES;
			};
			name = Release;
		};
		DDD4187B27FD26E400A46DD2 /* Debug */ = {
			isa = XCBuildConfiguration;
			buildSettings = {
				ASSETCATALOG_COMPILER_APPICON_NAME = AppIcon;
				ASSETCATALOG_COMPILER_GLOBAL_ACCENT_COLOR_NAME = AccentColor;
				CODE_SIGN_STYLE = Automatic;
				CURRENT_PROJECT_VERSION = 1;
				DEVELOPMENT_ASSET_PATHS = "\"WheelchairRun/Preview Content\"";
				DEVELOPMENT_TEAM = "";
				ENABLE_PREVIEWS = YES;
				GENERATE_INFOPLIST_FILE = YES;
				INFOPLIST_FILE = WheelchairRun/Info.plist;
				INFOPLIST_KEY_NSMotionUsageDescription = "In order to count steps I need an access to your pedometer";
				INFOPLIST_KEY_UIApplicationSceneManifest_Generation = YES;
				INFOPLIST_KEY_UIApplicationSupportsIndirectInputEvents = YES;
				INFOPLIST_KEY_UILaunchScreen_Generation = YES;
				INFOPLIST_KEY_UISupportedInterfaceOrientations = UIInterfaceOrientationPortrait;
				INFOPLIST_KEY_UISupportedInterfaceOrientations_iPad = "UIInterfaceOrientationPortrait UIInterfaceOrientationPortraitUpsideDown UIInterfaceOrientationLandscapeLeft UIInterfaceOrientationLandscapeRight";
				INFOPLIST_KEY_UISupportedInterfaceOrientations_iPhone = "UIInterfaceOrientationPortrait UIInterfaceOrientationLandscapeLeft UIInterfaceOrientationLandscapeRight";
				LD_RUNPATH_SEARCH_PATHS = (
					"$(inherited)",
					"@executable_path/Frameworks",
				);
				MARKETING_VERSION = 1.0;
				PRODUCT_BUNDLE_IDENTIFIER = com.Milgo;
				PRODUCT_NAME = "milGo!";
				SWIFT_EMIT_LOC_STRINGS = YES;
				SWIFT_VERSION = 5.0;
				TARGETED_DEVICE_FAMILY = 1;
			};
			name = Debug;
		};
		DDD4187C27FD26E400A46DD2 /* Release */ = {
			isa = XCBuildConfiguration;
			buildSettings = {
				ASSETCATALOG_COMPILER_APPICON_NAME = AppIcon;
				ASSETCATALOG_COMPILER_GLOBAL_ACCENT_COLOR_NAME = AccentColor;
				CODE_SIGN_STYLE = Automatic;
				CURRENT_PROJECT_VERSION = 1;
				DEVELOPMENT_ASSET_PATHS = "\"WheelchairRun/Preview Content\"";
				DEVELOPMENT_TEAM = "";
				ENABLE_PREVIEWS = YES;
				GENERATE_INFOPLIST_FILE = YES;
				INFOPLIST_FILE = WheelchairRun/Info.plist;
				INFOPLIST_KEY_NSMotionUsageDescription = "In order to count steps I need an access to your pedometer";
				INFOPLIST_KEY_UIApplicationSceneManifest_Generation = YES;
				INFOPLIST_KEY_UIApplicationSupportsIndirectInputEvents = YES;
				INFOPLIST_KEY_UILaunchScreen_Generation = YES;
				INFOPLIST_KEY_UISupportedInterfaceOrientations = UIInterfaceOrientationPortrait;
				INFOPLIST_KEY_UISupportedInterfaceOrientations_iPad = "UIInterfaceOrientationPortrait UIInterfaceOrientationPortraitUpsideDown UIInterfaceOrientationLandscapeLeft UIInterfaceOrientationLandscapeRight";
				INFOPLIST_KEY_UISupportedInterfaceOrientations_iPhone = "UIInterfaceOrientationPortrait UIInterfaceOrientationLandscapeLeft UIInterfaceOrientationLandscapeRight";
				LD_RUNPATH_SEARCH_PATHS = (
					"$(inherited)",
					"@executable_path/Frameworks",
				);
				MARKETING_VERSION = 1.0;
				PRODUCT_BUNDLE_IDENTIFIER = com.Milgo;
				PRODUCT_NAME = "milGo!";
				SWIFT_EMIT_LOC_STRINGS = YES;
				SWIFT_VERSION = 5.0;
				TARGETED_DEVICE_FAMILY = 1;
			};
			name = Release;
		};
/* End XCBuildConfiguration section */

/* Begin XCConfigurationList section */
		DDD4186227FD26E200A46DD2 /* Build configuration list for PBXProject "WheelchairRun" */ = {
			isa = XCConfigurationList;
			buildConfigurations = (
				DDD4187827FD26E400A46DD2 /* Debug */,
				DDD4187927FD26E400A46DD2 /* Release */,
			);
			defaultConfigurationIsVisible = 0;
			defaultConfigurationName = Release;
		};
		DDD4187A27FD26E400A46DD2 /* Build configuration list for PBXNativeTarget "WheelchairRun" */ = {
			isa = XCConfigurationList;
			buildConfigurations = (
				DDD4187B27FD26E400A46DD2 /* Debug */,
				DDD4187C27FD26E400A46DD2 /* Release */,
			);
			defaultConfigurationIsVisible = 0;
			defaultConfigurationName = Release;
		};
/* End XCConfigurationList section */

/* Begin XCRemoteSwiftPackageReference section */
		AFD619982803BF2700FC0FC3 /* XCRemoteSwiftPackageReference "SwiftUI-Shimmer" */ = {
			isa = XCRemoteSwiftPackageReference;
			repositoryURL = "https://github.com/markiv/SwiftUI-Shimmer";
			requirement = {
				kind = upToNextMajorVersion;
				minimumVersion = 1.0.0;
			};
		};
/* End XCRemoteSwiftPackageReference section */

/* Begin XCSwiftPackageProductDependency section */
		AFD619992803BF2700FC0FC3 /* Shimmer */ = {
			isa = XCSwiftPackageProductDependency;
			package = AFD619982803BF2700FC0FC3 /* XCRemoteSwiftPackageReference "SwiftUI-Shimmer" */;
			productName = Shimmer;
		};
/* End XCSwiftPackageProductDependency section */

/* Begin XCVersionGroup section */
		DDD4187527FD26E400A46DD2 /* WheelchairRun.xcdatamodeld */ = {
			isa = XCVersionGroup;
			children = (
				DDD4187627FD26E400A46DD2 /* WheelchairRun.xcdatamodel */,
			);
			currentVersion = DDD4187627FD26E400A46DD2 /* WheelchairRun.xcdatamodel */;
			path = WheelchairRun.xcdatamodeld;
			sourceTree = "<group>";
			versionGroupType = wrapper.xcdatamodel;
		};
/* End XCVersionGroup section */
	};
	rootObject = DDD4185F27FD26E200A46DD2 /* Project object */;
}
